{
  "version": 4,
  "terraform_version": "1.3.5",
  "serial": 357,
  "lineage": "cb7a940c-153f-5f93-de8c-f57b38fc4034",
  "outputs": {},
  "resources": [
    {
      "mode": "data",
      "type": "azurerm_public_ip",
      "name": "publicIp",
      "provider": "provider[\"registry.terraform.io/hashicorp/azurerm\"]",
      "instances": []
    },
    {
      "mode": "managed",
      "type": "azurerm_linux_virtual_machine",
      "name": "lb",
      "provider": "provider[\"registry.terraform.io/hashicorp/azurerm\"]",
      "instances": [
        {
          "status": "tainted",
          "schema_version": 0,
          "attributes": {
            "additional_capabilities": [],
            "admin_password": null,
            "admin_ssh_key": [
              {
                "public_key": "ssh-rsa AAAAB3NzaC1yc2EAAAADAQABAAABgQCty9MLK2q3g/eGpqkBcAbR6y39B7zCJpDUOUHFjes6A4uKvVidFiJwS8fQskYXvnhTpC5evQC9RwWQtL1L6WwH+blL7Mfta5+bbgzZXOhGaBzzTfACDCgCZHeDEBK+plThtiwLGfvXBCkC1My5Ol02wP4gqAIo0p22bBWEwKj8O1egkmZKwBBzIywfwlLViapBygParNLAIuUgGfK3zSYqT0Y13bP7yxl0i6IpkZMoEzwPUvBdq7RZZFoC2TLoCHTrMUQDPjqEvInUemvJfYIgVKFXgTnFoikUVZPDrTdH6cReduPHawmVuBphiZgQdTUH5iqONKh2KCopJmL8G1iFddGG+NqY+MaakxUGgD6O11CXq5AB67k0CoG7TBIvo50WGQ77Az9/YCgAhI9rl5KGUfSZb7mgZKc42vAHfOf0Zj06xQAABqjcXhI0Yh0v3Jb91gr5eujJd8R1EJ6MJ0uKHTKu8sKmgtWILM8matSs0f3vZ57F3RJe4xMyNXUZQLs= ubuntu@ubuntu\n",
                "username": "azureuser"
              }
            ],
            "admin_username": "azureuser",
            "allow_extension_operations": true,
            "availability_set_id": "",
            "boot_diagnostics": [],
            "capacity_reservation_group_id": "",
            "computer_name": "lb01",
            "custom_data": null,
            "dedicated_host_group_id": "",
            "dedicated_host_id": "",
            "disable_password_authentication": true,
            "edge_zone": "",
            "encryption_at_host_enabled": false,
            "eviction_policy": "",
            "extensions_time_budget": "PT1H30M",
            "gallery_application": [],
            "id": "/subscriptions/60b220bf-b527-4a50-b5d5-4ed6f1695101/resourceGroups/carsCredibility/providers/Microsoft.Compute/virtualMachines/lb01",
            "identity": [],
            "license_type": "",
            "location": "francecentral",
            "max_bid_price": -1,
            "name": "lb01",
            "network_interface_ids": [
              "/subscriptions/60b220bf-b527-4a50-b5d5-4ed6f1695101/resourceGroups/carsCredibility/providers/Microsoft.Network/networkInterfaces/nic01"
            ],
            "os_disk": [
              {
                "caching": "ReadWrite",
                "diff_disk_settings": [],
                "disk_encryption_set_id": "",
                "disk_size_gb": 30,
                "name": "osDiskLb01",
                "secure_vm_disk_encryption_set_id": "",
                "security_encryption_type": "",
                "storage_account_type": "Premium_LRS",
                "write_accelerator_enabled": false
              }
            ],
            "patch_assessment_mode": "ImageDefault",
            "patch_mode": "ImageDefault",
            "plan": [],
            "platform_fault_domain": -1,
            "priority": "Regular",
            "private_ip_address": "10.0.1.4",
            "private_ip_addresses": [
              "10.0.1.4"
            ],
            "provision_vm_agent": true,
            "proximity_placement_group_id": "",
            "public_ip_address": "4.233.79.97",
            "public_ip_addresses": [
              "4.233.79.97"
            ],
            "resource_group_name": "carsCredibility",
            "secret": [],
            "secure_boot_enabled": false,
            "size": "Standard_DS1_v2",
            "source_image_id": "",
            "source_image_reference": [
              {
                "offer": "UbuntuServer",
                "publisher": "Canonical",
                "sku": "18.04-LTS",
                "version": "latest"
              }
            ],
            "tags": null,
            "termination_notification": null,
            "timeouts": null,
            "user_data": "",
            "virtual_machine_id": "f0293945-db44-41f6-90f8-3757ea963519",
            "virtual_machine_scale_set_id": "",
            "vtpm_enabled": false,
            "zone": ""
          },
          "sensitive_attributes": [],
          "private": "eyJlMmJmYjczMC1lY2FhLTExZTYtOGY4OC0zNDM2M2JjN2M0YzAiOnsiY3JlYXRlIjoyNzAwMDAwMDAwMDAwLCJkZWxldGUiOjI3MDAwMDAwMDAwMDAsInJlYWQiOjMwMDAwMDAwMDAwMCwidXBkYXRlIjoyNzAwMDAwMDAwMDAwfX0=",
          "dependencies": [
            "azurerm_network_interface.networkInterfaces",
            "azurerm_public_ip.publicIp",
            "azurerm_resource_group.rg",
            "azurerm_subnet.subnet",
            "azurerm_virtual_network.network"
          ]
        }
      ]
    },
    {
      "mode": "managed",
      "type": "azurerm_linux_virtual_machine",
      "name": "sql",
      "provider": "provider[\"registry.terraform.io/hashicorp/azurerm\"]",
      "instances": [
        {
          "schema_version": 0,
          "attributes": {
            "additional_capabilities": [],
            "admin_password": null,
            "admin_ssh_key": [
              {
                "public_key": "ssh-rsa AAAAB3NzaC1yc2EAAAADAQABAAABgQCty9MLK2q3g/eGpqkBcAbR6y39B7zCJpDUOUHFjes6A4uKvVidFiJwS8fQskYXvnhTpC5evQC9RwWQtL1L6WwH+blL7Mfta5+bbgzZXOhGaBzzTfACDCgCZHeDEBK+plThtiwLGfvXBCkC1My5Ol02wP4gqAIo0p22bBWEwKj8O1egkmZKwBBzIywfwlLViapBygParNLAIuUgGfK3zSYqT0Y13bP7yxl0i6IpkZMoEzwPUvBdq7RZZFoC2TLoCHTrMUQDPjqEvInUemvJfYIgVKFXgTnFoikUVZPDrTdH6cReduPHawmVuBphiZgQdTUH5iqONKh2KCopJmL8G1iFddGG+NqY+MaakxUGgD6O11CXq5AB67k0CoG7TBIvo50WGQ77Az9/YCgAhI9rl5KGUfSZb7mgZKc42vAHfOf0Zj06xQAABqjcXhI0Yh0v3Jb91gr5eujJd8R1EJ6MJ0uKHTKu8sKmgtWILM8matSs0f3vZ57F3RJe4xMyNXUZQLs= ubuntu@ubuntu\n",
                "username": "azureuser"
              }
            ],
            "admin_username": "azureuser",
            "allow_extension_operations": true,
            "availability_set_id": "",
            "boot_diagnostics": [],
            "capacity_reservation_group_id": "",
            "computer_name": "sql01",
            "custom_data": null,
            "dedicated_host_group_id": "",
            "dedicated_host_id": "",
            "disable_password_authentication": true,
            "edge_zone": "",
            "encryption_at_host_enabled": false,
            "eviction_policy": "",
            "extensions_time_budget": "PT1H30M",
            "gallery_application": [],
            "id": "/subscriptions/60b220bf-b527-4a50-b5d5-4ed6f1695101/resourceGroups/carsCredibility/providers/Microsoft.Compute/virtualMachines/sql01",
            "identity": [],
            "license_type": "",
            "location": "francecentral",
            "max_bid_price": -1,
            "name": "sql01",
            "network_interface_ids": [
              "/subscriptions/60b220bf-b527-4a50-b5d5-4ed6f1695101/resourceGroups/carsCredibility/providers/Microsoft.Network/networkInterfaces/nic02"
            ],
            "os_disk": [
              {
                "caching": "ReadWrite",
                "diff_disk_settings": [],
                "disk_encryption_set_id": "",
                "disk_size_gb": 30,
                "name": "osDiskSql01",
                "secure_vm_disk_encryption_set_id": "",
                "security_encryption_type": "",
                "storage_account_type": "Premium_LRS",
                "write_accelerator_enabled": false
              }
            ],
            "patch_assessment_mode": "ImageDefault",
            "patch_mode": "ImageDefault",
            "plan": [],
            "platform_fault_domain": -1,
            "priority": "Regular",
            "private_ip_address": "10.0.1.5",
            "private_ip_addresses": [
              "10.0.1.5"
            ],
            "provision_vm_agent": true,
            "proximity_placement_group_id": "",
            "public_ip_address": "",
            "public_ip_addresses": [],
            "resource_group_name": "carsCredibility",
            "secret": [],
            "secure_boot_enabled": false,
            "size": "Standard_DS1_v2",
            "source_image_id": "",
            "source_image_reference": [
              {
                "offer": "UbuntuServer",
                "publisher": "Canonical",
                "sku": "18.04-LTS",
                "version": "latest"
              }
            ],
            "tags": null,
            "termination_notification": null,
            "timeouts": null,
            "user_data": "",
            "virtual_machine_id": "0da603e4-69db-4b89-bee9-2a1208402d3d",
            "virtual_machine_scale_set_id": "",
            "vtpm_enabled": false,
            "zone": ""
          },
          "sensitive_attributes": [],
          "private": "eyJlMmJmYjczMC1lY2FhLTExZTYtOGY4OC0zNDM2M2JjN2M0YzAiOnsiY3JlYXRlIjoyNzAwMDAwMDAwMDAwLCJkZWxldGUiOjI3MDAwMDAwMDAwMDAsInJlYWQiOjMwMDAwMDAwMDAwMCwidXBkYXRlIjoyNzAwMDAwMDAwMDAwfX0=",
          "dependencies": [
            "azurerm_network_interface.networkInterfaces",
            "azurerm_public_ip.publicIp",
            "azurerm_resource_group.rg",
            "azurerm_subnet.subnet",
            "azurerm_virtual_network.network"
          ]
        }
      ]
    },
    {
      "mode": "managed",
      "type": "azurerm_linux_virtual_machine",
      "name": "web",
      "provider": "provider[\"registry.terraform.io/hashicorp/azurerm\"]",
      "instances": [
        {
          "index_key": 0,
          "schema_version": 0,
          "attributes": {
            "additional_capabilities": [],
            "admin_password": null,
            "admin_ssh_key": [
              {
                "public_key": "ssh-rsa AAAAB3NzaC1yc2EAAAADAQABAAABgQCty9MLK2q3g/eGpqkBcAbR6y39B7zCJpDUOUHFjes6A4uKvVidFiJwS8fQskYXvnhTpC5evQC9RwWQtL1L6WwH+blL7Mfta5+bbgzZXOhGaBzzTfACDCgCZHeDEBK+plThtiwLGfvXBCkC1My5Ol02wP4gqAIo0p22bBWEwKj8O1egkmZKwBBzIywfwlLViapBygParNLAIuUgGfK3zSYqT0Y13bP7yxl0i6IpkZMoEzwPUvBdq7RZZFoC2TLoCHTrMUQDPjqEvInUemvJfYIgVKFXgTnFoikUVZPDrTdH6cReduPHawmVuBphiZgQdTUH5iqONKh2KCopJmL8G1iFddGG+NqY+MaakxUGgD6O11CXq5AB67k0CoG7TBIvo50WGQ77Az9/YCgAhI9rl5KGUfSZb7mgZKc42vAHfOf0Zj06xQAABqjcXhI0Yh0v3Jb91gr5eujJd8R1EJ6MJ0uKHTKu8sKmgtWILM8matSs0f3vZ57F3RJe4xMyNXUZQLs= ubuntu@ubuntu\n",
                "username": "azureuser"
              }
            ],
            "admin_username": "azureuser",
            "allow_extension_operations": true,
            "availability_set_id": "",
            "boot_diagnostics": [],
            "capacity_reservation_group_id": "",
            "computer_name": "web01",
            "custom_data": null,
            "dedicated_host_group_id": "",
            "dedicated_host_id": "",
            "disable_password_authentication": true,
            "edge_zone": "",
            "encryption_at_host_enabled": false,
            "eviction_policy": "",
            "extensions_time_budget": "PT1H30M",
            "gallery_application": [],
            "id": "/subscriptions/60b220bf-b527-4a50-b5d5-4ed6f1695101/resourceGroups/carsCredibility/providers/Microsoft.Compute/virtualMachines/web01",
            "identity": [],
            "license_type": "",
            "location": "francecentral",
            "max_bid_price": -1,
            "name": "web01",
            "network_interface_ids": [
              "/subscriptions/60b220bf-b527-4a50-b5d5-4ed6f1695101/resourceGroups/carsCredibility/providers/Microsoft.Network/networkInterfaces/nic03"
            ],
            "os_disk": [
              {
                "caching": "ReadWrite",
                "diff_disk_settings": [],
                "disk_encryption_set_id": "",
                "disk_size_gb": 30,
                "name": "osDiskWeb01",
                "secure_vm_disk_encryption_set_id": "",
                "security_encryption_type": "",
                "storage_account_type": "Premium_LRS",
                "write_accelerator_enabled": false
              }
            ],
            "patch_assessment_mode": "ImageDefault",
            "patch_mode": "ImageDefault",
            "plan": [],
            "platform_fault_domain": -1,
            "priority": "Regular",
            "private_ip_address": "10.0.1.6",
            "private_ip_addresses": [
              "10.0.1.6"
            ],
            "provision_vm_agent": true,
            "proximity_placement_group_id": "",
            "public_ip_address": "",
            "public_ip_addresses": [],
            "resource_group_name": "carsCredibility",
            "secret": [],
            "secure_boot_enabled": false,
            "size": "Standard_DS1_v2",
            "source_image_id": "",
            "source_image_reference": [
              {
                "offer": "UbuntuServer",
                "publisher": "Canonical",
                "sku": "18.04-LTS",
                "version": "latest"
              }
            ],
            "tags": null,
            "termination_notification": null,
            "timeouts": null,
            "user_data": "",
            "virtual_machine_id": "5f4ba5ac-0d8e-4672-b5ca-379bd7819bc8",
            "virtual_machine_scale_set_id": "",
            "vtpm_enabled": false,
            "zone": ""
          },
          "sensitive_attributes": [],
          "private": "eyJlMmJmYjczMC1lY2FhLTExZTYtOGY4OC0zNDM2M2JjN2M0YzAiOnsiY3JlYXRlIjoyNzAwMDAwMDAwMDAwLCJkZWxldGUiOjI3MDAwMDAwMDAwMDAsInJlYWQiOjMwMDAwMDAwMDAwMCwidXBkYXRlIjoyNzAwMDAwMDAwMDAwfX0=",
          "dependencies": [
            "azurerm_network_interface.networkInterfaces",
            "azurerm_public_ip.publicIp",
            "azurerm_resource_group.rg",
            "azurerm_subnet.subnet",
            "azurerm_virtual_network.network"
          ]
        },
        {
          "index_key": 1,
          "schema_version": 0,
          "attributes": {
            "additional_capabilities": [],
            "admin_password": null,
            "admin_ssh_key": [
              {
                "public_key": "ssh-rsa AAAAB3NzaC1yc2EAAAADAQABAAABgQCty9MLK2q3g/eGpqkBcAbR6y39B7zCJpDUOUHFjes6A4uKvVidFiJwS8fQskYXvnhTpC5evQC9RwWQtL1L6WwH+blL7Mfta5+bbgzZXOhGaBzzTfACDCgCZHeDEBK+plThtiwLGfvXBCkC1My5Ol02wP4gqAIo0p22bBWEwKj8O1egkmZKwBBzIywfwlLViapBygParNLAIuUgGfK3zSYqT0Y13bP7yxl0i6IpkZMoEzwPUvBdq7RZZFoC2TLoCHTrMUQDPjqEvInUemvJfYIgVKFXgTnFoikUVZPDrTdH6cReduPHawmVuBphiZgQdTUH5iqONKh2KCopJmL8G1iFddGG+NqY+MaakxUGgD6O11CXq5AB67k0CoG7TBIvo50WGQ77Az9/YCgAhI9rl5KGUfSZb7mgZKc42vAHfOf0Zj06xQAABqjcXhI0Yh0v3Jb91gr5eujJd8R1EJ6MJ0uKHTKu8sKmgtWILM8matSs0f3vZ57F3RJe4xMyNXUZQLs= ubuntu@ubuntu\n",
                "username": "azureuser"
              }
            ],
            "admin_username": "azureuser",
            "allow_extension_operations": true,
            "availability_set_id": "",
            "boot_diagnostics": [],
            "capacity_reservation_group_id": "",
            "computer_name": "web02",
            "custom_data": null,
            "dedicated_host_group_id": "",
            "dedicated_host_id": "",
            "disable_password_authentication": true,
            "edge_zone": "",
            "encryption_at_host_enabled": false,
            "eviction_policy": "",
            "extensions_time_budget": "PT1H30M",
            "gallery_application": [],
            "id": "/subscriptions/60b220bf-b527-4a50-b5d5-4ed6f1695101/resourceGroups/carsCredibility/providers/Microsoft.Compute/virtualMachines/web02",
            "identity": [],
            "license_type": "",
            "location": "francecentral",
            "max_bid_price": -1,
            "name": "web02",
            "network_interface_ids": [
              "/subscriptions/60b220bf-b527-4a50-b5d5-4ed6f1695101/resourceGroups/carsCredibility/providers/Microsoft.Network/networkInterfaces/nic04"
            ],
            "os_disk": [
              {
                "caching": "ReadWrite",
                "diff_disk_settings": [],
                "disk_encryption_set_id": "",
                "disk_size_gb": 30,
                "name": "osDiskWeb02",
                "secure_vm_disk_encryption_set_id": "",
                "security_encryption_type": "",
                "storage_account_type": "Premium_LRS",
                "write_accelerator_enabled": false
              }
            ],
            "patch_assessment_mode": "ImageDefault",
            "patch_mode": "ImageDefault",
            "plan": [],
            "platform_fault_domain": -1,
            "priority": "Regular",
            "private_ip_address": "10.0.1.7",
            "private_ip_addresses": [
              "10.0.1.7"
            ],
            "provision_vm_agent": true,
            "proximity_placement_group_id": "",
            "public_ip_address": "",
            "public_ip_addresses": [],
            "resource_group_name": "carsCredibility",
            "secret": [],
            "secure_boot_enabled": false,
            "size": "Standard_DS1_v2",
            "source_image_id": "",
            "source_image_reference": [
              {
                "offer": "UbuntuServer",
                "publisher": "Canonical",
                "sku": "18.04-LTS",
                "version": "latest"
              }
            ],
            "tags": null,
            "termination_notification": null,
            "timeouts": null,
            "user_data": "",
            "virtual_machine_id": "8eaf161c-4d4a-45e8-9494-d0fb1b64571c",
            "virtual_machine_scale_set_id": "",
            "vtpm_enabled": false,
            "zone": ""
          },
          "sensitive_attributes": [],
          "private": "eyJlMmJmYjczMC1lY2FhLTExZTYtOGY4OC0zNDM2M2JjN2M0YzAiOnsiY3JlYXRlIjoyNzAwMDAwMDAwMDAwLCJkZWxldGUiOjI3MDAwMDAwMDAwMDAsInJlYWQiOjMwMDAwMDAwMDAwMCwidXBkYXRlIjoyNzAwMDAwMDAwMDAwfX0=",
          "dependencies": [
            "azurerm_network_interface.networkInterfaces",
            "azurerm_public_ip.publicIp",
            "azurerm_resource_group.rg",
            "azurerm_subnet.subnet",
            "azurerm_virtual_network.network"
          ]
        }
      ]
    },
    {
      "mode": "managed",
      "type": "azurerm_network_interface",
      "name": "networkInterfaces",
      "provider": "provider[\"registry.terraform.io/hashicorp/azurerm\"]",
      "instances": [
        {
          "index_key": 0,
          "schema_version": 0,
          "attributes": {
            "applied_dns_servers": [],
            "dns_servers": [],
            "edge_zone": "",
            "enable_accelerated_networking": false,
            "enable_ip_forwarding": false,
            "id": "/subscriptions/60b220bf-b527-4a50-b5d5-4ed6f1695101/resourceGroups/carsCredibility/providers/Microsoft.Network/networkInterfaces/nic01",
            "internal_dns_name_label": "",
            "internal_domain_name_suffix": "k5o2tmaa1x3uvms3om5hsacj1b.parx.internal.cloudapp.net",
            "ip_configuration": [
              {
                "gateway_load_balancer_frontend_ip_configuration_id": "",
                "name": "IpConfiguration",
                "primary": true,
                "private_ip_address": "10.0.1.4",
                "private_ip_address_allocation": "Static",
                "private_ip_address_version": "IPv4",
                "public_ip_address_id": "/subscriptions/60b220bf-b527-4a50-b5d5-4ed6f1695101/resourceGroups/carsCredibility/providers/Microsoft.Network/publicIPAddresses/PublicIP",
                "subnet_id": "/subscriptions/60b220bf-b527-4a50-b5d5-4ed6f1695101/resourceGroups/carsCredibility/providers/Microsoft.Network/virtualNetworks/Network/subnets/Subnet"
              }
            ],
            "location": "francecentral",
            "mac_address": "",
            "name": "nic01",
            "private_ip_address": "10.0.1.4",
            "private_ip_addresses": [
              "10.0.1.4"
            ],
            "resource_group_name": "carsCredibility",
            "tags": null,
            "timeouts": null,
            "virtual_machine_id": ""
          },
          "sensitive_attributes": [],
          "private": "eyJlMmJmYjczMC1lY2FhLTExZTYtOGY4OC0zNDM2M2JjN2M0YzAiOnsiY3JlYXRlIjoxODAwMDAwMDAwMDAwLCJkZWxldGUiOjE4MDAwMDAwMDAwMDAsInJlYWQiOjMwMDAwMDAwMDAwMCwidXBkYXRlIjoxODAwMDAwMDAwMDAwfX0=",
          "dependencies": [
            "azurerm_public_ip.publicIp",
            "azurerm_resource_group.rg",
            "azurerm_subnet.subnet",
            "azurerm_virtual_network.network"
          ]
        },
        {
          "index_key": 1,
          "schema_version": 0,
          "attributes": {
            "applied_dns_servers": [],
            "dns_servers": [],
            "edge_zone": "",
            "enable_accelerated_networking": false,
            "enable_ip_forwarding": false,
            "id": "/subscriptions/60b220bf-b527-4a50-b5d5-4ed6f1695101/resourceGroups/carsCredibility/providers/Microsoft.Network/networkInterfaces/nic02",
            "internal_dns_name_label": "",
            "internal_domain_name_suffix": "k5o2tmaa1x3uvms3om5hsacj1b.parx.internal.cloudapp.net",
            "ip_configuration": [
              {
                "gateway_load_balancer_frontend_ip_configuration_id": "",
                "name": "IpConfiguration",
                "primary": true,
                "private_ip_address": "10.0.1.5",
                "private_ip_address_allocation": "Static",
                "private_ip_address_version": "IPv4",
                "public_ip_address_id": "",
                "subnet_id": "/subscriptions/60b220bf-b527-4a50-b5d5-4ed6f1695101/resourceGroups/carsCredibility/providers/Microsoft.Network/virtualNetworks/Network/subnets/Subnet"
              }
            ],
            "location": "francecentral",
            "mac_address": "",
            "name": "nic02",
            "private_ip_address": "10.0.1.5",
            "private_ip_addresses": [
              "10.0.1.5"
            ],
            "resource_group_name": "carsCredibility",
            "tags": null,
            "timeouts": null,
            "virtual_machine_id": ""
          },
          "sensitive_attributes": [],
          "private": "eyJlMmJmYjczMC1lY2FhLTExZTYtOGY4OC0zNDM2M2JjN2M0YzAiOnsiY3JlYXRlIjoxODAwMDAwMDAwMDAwLCJkZWxldGUiOjE4MDAwMDAwMDAwMDAsInJlYWQiOjMwMDAwMDAwMDAwMCwidXBkYXRlIjoxODAwMDAwMDAwMDAwfX0=",
          "dependencies": [
            "azurerm_public_ip.publicIp",
            "azurerm_resource_group.rg",
            "azurerm_subnet.subnet",
            "azurerm_virtual_network.network"
          ]
        },
        {
          "index_key": 2,
          "schema_version": 0,
          "attributes": {
            "applied_dns_servers": [],
            "dns_servers": [],
            "edge_zone": "",
            "enable_accelerated_networking": false,
            "enable_ip_forwarding": false,
            "id": "/subscriptions/60b220bf-b527-4a50-b5d5-4ed6f1695101/resourceGroups/carsCredibility/providers/Microsoft.Network/networkInterfaces/nic03",
            "internal_dns_name_label": "",
            "internal_domain_name_suffix": "k5o2tmaa1x3uvms3om5hsacj1b.parx.internal.cloudapp.net",
            "ip_configuration": [
              {
                "gateway_load_balancer_frontend_ip_configuration_id": "",
                "name": "IpConfiguration",
                "primary": true,
                "private_ip_address": "10.0.1.6",
                "private_ip_address_allocation": "Static",
                "private_ip_address_version": "IPv4",
                "public_ip_address_id": "",
                "subnet_id": "/subscriptions/60b220bf-b527-4a50-b5d5-4ed6f1695101/resourceGroups/carsCredibility/providers/Microsoft.Network/virtualNetworks/Network/subnets/Subnet"
              }
            ],
            "location": "francecentral",
            "mac_address": "",
            "name": "nic03",
            "private_ip_address": "10.0.1.6",
            "private_ip_addresses": [
              "10.0.1.6"
            ],
            "resource_group_name": "carsCredibility",
            "tags": null,
            "timeouts": null,
            "virtual_machine_id": ""
          },
          "sensitive_attributes": [],
          "private": "eyJlMmJmYjczMC1lY2FhLTExZTYtOGY4OC0zNDM2M2JjN2M0YzAiOnsiY3JlYXRlIjoxODAwMDAwMDAwMDAwLCJkZWxldGUiOjE4MDAwMDAwMDAwMDAsInJlYWQiOjMwMDAwMDAwMDAwMCwidXBkYXRlIjoxODAwMDAwMDAwMDAwfX0=",
          "dependencies": [
            "azurerm_public_ip.publicIp",
            "azurerm_resource_group.rg",
            "azurerm_subnet.subnet",
            "azurerm_virtual_network.network"
          ]
        },
        {
          "index_key": 3,
          "schema_version": 0,
          "attributes": {
            "applied_dns_servers": [],
            "dns_servers": [],
            "edge_zone": "",
            "enable_accelerated_networking": false,
            "enable_ip_forwarding": false,
            "id": "/subscriptions/60b220bf-b527-4a50-b5d5-4ed6f1695101/resourceGroups/carsCredibility/providers/Microsoft.Network/networkInterfaces/nic04",
            "internal_dns_name_label": "",
            "internal_domain_name_suffix": "k5o2tmaa1x3uvms3om5hsacj1b.parx.internal.cloudapp.net",
            "ip_configuration": [
              {
                "gateway_load_balancer_frontend_ip_configuration_id": "",
                "name": "IpConfiguration",
                "primary": true,
                "private_ip_address": "10.0.1.7",
                "private_ip_address_allocation": "Static",
                "private_ip_address_version": "IPv4",
                "public_ip_address_id": "",
                "subnet_id": "/subscriptions/60b220bf-b527-4a50-b5d5-4ed6f1695101/resourceGroups/carsCredibility/providers/Microsoft.Network/virtualNetworks/Network/subnets/Subnet"
              }
            ],
            "location": "francecentral",
            "mac_address": "",
            "name": "nic04",
            "private_ip_address": "10.0.1.7",
            "private_ip_addresses": [
              "10.0.1.7"
            ],
            "resource_group_name": "carsCredibility",
            "tags": null,
            "timeouts": null,
            "virtual_machine_id": ""
          },
          "sensitive_attributes": [],
          "private": "eyJlMmJmYjczMC1lY2FhLTExZTYtOGY4OC0zNDM2M2JjN2M0YzAiOnsiY3JlYXRlIjoxODAwMDAwMDAwMDAwLCJkZWxldGUiOjE4MDAwMDAwMDAwMDAsInJlYWQiOjMwMDAwMDAwMDAwMCwidXBkYXRlIjoxODAwMDAwMDAwMDAwfX0=",
          "dependencies": [
            "azurerm_public_ip.publicIp",
            "azurerm_resource_group.rg",
            "azurerm_subnet.subnet",
            "azurerm_virtual_network.network"
          ]
        }
      ]
    },
    {
      "mode": "managed",
      "type": "azurerm_network_interface_security_group_association",
      "name": "nsgToNIC",
      "provider": "provider[\"registry.terraform.io/hashicorp/azurerm\"]",
      "instances": [
        {
          "index_key": 0,
          "schema_version": 0,
          "attributes": {
            "id": "/subscriptions/60b220bf-b527-4a50-b5d5-4ed6f1695101/resourceGroups/carsCredibility/providers/Microsoft.Network/networkInterfaces/nic01|/subscriptions/60b220bf-b527-4a50-b5d5-4ed6f1695101/resourceGroups/carsCredibility/providers/Microsoft.Network/networkSecurityGroups/NetworkSecurityGroup",
            "network_interface_id": "/subscriptions/60b220bf-b527-4a50-b5d5-4ed6f1695101/resourceGroups/carsCredibility/providers/Microsoft.Network/networkInterfaces/nic01",
            "network_security_group_id": "/subscriptions/60b220bf-b527-4a50-b5d5-4ed6f1695101/resourceGroups/carsCredibility/providers/Microsoft.Network/networkSecurityGroups/NetworkSecurityGroup",
            "timeouts": null
          },
          "sensitive_attributes": [],
          "private": "eyJlMmJmYjczMC1lY2FhLTExZTYtOGY4OC0zNDM2M2JjN2M0YzAiOnsiY3JlYXRlIjoxODAwMDAwMDAwMDAwLCJkZWxldGUiOjE4MDAwMDAwMDAwMDAsInJlYWQiOjMwMDAwMDAwMDAwMCwidXBkYXRlIjoxODAwMDAwMDAwMDAwfX0=",
          "dependencies": [
            "azurerm_network_interface.networkInterfaces",
            "azurerm_network_security_group.nsg",
            "azurerm_public_ip.publicIp",
            "azurerm_resource_group.rg",
            "azurerm_subnet.subnet",
            "azurerm_virtual_network.network"
          ]
        },
        {
          "index_key": 1,
          "schema_version": 0,
          "attributes": {
            "id": "/subscriptions/60b220bf-b527-4a50-b5d5-4ed6f1695101/resourceGroups/carsCredibility/providers/Microsoft.Network/networkInterfaces/nic02|/subscriptions/60b220bf-b527-4a50-b5d5-4ed6f1695101/resourceGroups/carsCredibility/providers/Microsoft.Network/networkSecurityGroups/NetworkSecurityGroup",
            "network_interface_id": "/subscriptions/60b220bf-b527-4a50-b5d5-4ed6f1695101/resourceGroups/carsCredibility/providers/Microsoft.Network/networkInterfaces/nic02",
            "network_security_group_id": "/subscriptions/60b220bf-b527-4a50-b5d5-4ed6f1695101/resourceGroups/carsCredibility/providers/Microsoft.Network/networkSecurityGroups/NetworkSecurityGroup",
            "timeouts": null
          },
          "sensitive_attributes": [],
          "private": "eyJlMmJmYjczMC1lY2FhLTExZTYtOGY4OC0zNDM2M2JjN2M0YzAiOnsiY3JlYXRlIjoxODAwMDAwMDAwMDAwLCJkZWxldGUiOjE4MDAwMDAwMDAwMDAsInJlYWQiOjMwMDAwMDAwMDAwMCwidXBkYXRlIjoxODAwMDAwMDAwMDAwfX0=",
          "dependencies": [
            "azurerm_network_interface.networkInterfaces",
            "azurerm_network_security_group.nsg",
            "azurerm_public_ip.publicIp",
            "azurerm_resource_group.rg",
            "azurerm_subnet.subnet",
            "azurerm_virtual_network.network"
          ]
        },
        {
          "index_key": 2,
          "schema_version": 0,
          "attributes": {
            "id": "/subscriptions/60b220bf-b527-4a50-b5d5-4ed6f1695101/resourceGroups/carsCredibility/providers/Microsoft.Network/networkInterfaces/nic03|/subscriptions/60b220bf-b527-4a50-b5d5-4ed6f1695101/resourceGroups/carsCredibility/providers/Microsoft.Network/networkSecurityGroups/NetworkSecurityGroup",
            "network_interface_id": "/subscriptions/60b220bf-b527-4a50-b5d5-4ed6f1695101/resourceGroups/carsCredibility/providers/Microsoft.Network/networkInterfaces/nic03",
            "network_security_group_id": "/subscriptions/60b220bf-b527-4a50-b5d5-4ed6f1695101/resourceGroups/carsCredibility/providers/Microsoft.Network/networkSecurityGroups/NetworkSecurityGroup",
            "timeouts": null
          },
          "sensitive_attributes": [],
          "private": "eyJlMmJmYjczMC1lY2FhLTExZTYtOGY4OC0zNDM2M2JjN2M0YzAiOnsiY3JlYXRlIjoxODAwMDAwMDAwMDAwLCJkZWxldGUiOjE4MDAwMDAwMDAwMDAsInJlYWQiOjMwMDAwMDAwMDAwMCwidXBkYXRlIjoxODAwMDAwMDAwMDAwfX0=",
          "dependencies": [
            "azurerm_network_interface.networkInterfaces",
            "azurerm_network_security_group.nsg",
            "azurerm_public_ip.publicIp",
            "azurerm_resource_group.rg",
            "azurerm_subnet.subnet",
            "azurerm_virtual_network.network"
          ]
        },
        {
          "index_key": 3,
          "schema_version": 0,
          "attributes": {
            "id": "/subscriptions/60b220bf-b527-4a50-b5d5-4ed6f1695101/resourceGroups/carsCredibility/providers/Microsoft.Network/networkInterfaces/nic04|/subscriptions/60b220bf-b527-4a50-b5d5-4ed6f1695101/resourceGroups/carsCredibility/providers/Microsoft.Network/networkSecurityGroups/NetworkSecurityGroup",
            "network_interface_id": "/subscriptions/60b220bf-b527-4a50-b5d5-4ed6f1695101/resourceGroups/carsCredibility/providers/Microsoft.Network/networkInterfaces/nic04",
            "network_security_group_id": "/subscriptions/60b220bf-b527-4a50-b5d5-4ed6f1695101/resourceGroups/carsCredibility/providers/Microsoft.Network/networkSecurityGroups/NetworkSecurityGroup",
            "timeouts": null
          },
          "sensitive_attributes": [],
          "private": "eyJlMmJmYjczMC1lY2FhLTExZTYtOGY4OC0zNDM2M2JjN2M0YzAiOnsiY3JlYXRlIjoxODAwMDAwMDAwMDAwLCJkZWxldGUiOjE4MDAwMDAwMDAwMDAsInJlYWQiOjMwMDAwMDAwMDAwMCwidXBkYXRlIjoxODAwMDAwMDAwMDAwfX0=",
          "dependencies": [
            "azurerm_network_interface.networkInterfaces",
            "azurerm_network_security_group.nsg",
            "azurerm_public_ip.publicIp",
            "azurerm_resource_group.rg",
            "azurerm_subnet.subnet",
            "azurerm_virtual_network.network"
          ]
        }
      ]
    },
    {
      "mode": "managed",
      "type": "azurerm_network_security_group",
      "name": "nsg",
      "provider": "provider[\"registry.terraform.io/hashicorp/azurerm\"]",
      "instances": [
        {
          "schema_version": 0,
          "attributes": {
            "id": "/subscriptions/60b220bf-b527-4a50-b5d5-4ed6f1695101/resourceGroups/carsCredibility/providers/Microsoft.Network/networkSecurityGroups/NetworkSecurityGroup",
            "location": "francecentral",
            "name": "NetworkSecurityGroup",
            "resource_group_name": "carsCredibility",
            "security_rule": [
              {
                "access": "Allow",
                "description": "",
                "destination_address_prefix": "*",
                "destination_address_prefixes": [],
                "destination_application_security_group_ids": [],
                "destination_port_range": "22",
                "destination_port_ranges": [],
                "direction": "Inbound",
                "name": "SSH",
                "priority": 1001,
                "protocol": "Tcp",
                "source_address_prefix": "*",
                "source_address_prefixes": [],
                "source_application_security_group_ids": [],
                "source_port_range": "*",
                "source_port_ranges": []
              }
            ],
            "tags": null,
            "timeouts": null
          },
          "sensitive_attributes": [],
          "private": "eyJlMmJmYjczMC1lY2FhLTExZTYtOGY4OC0zNDM2M2JjN2M0YzAiOnsiY3JlYXRlIjoxODAwMDAwMDAwMDAwLCJkZWxldGUiOjE4MDAwMDAwMDAwMDAsInJlYWQiOjMwMDAwMDAwMDAwMCwidXBkYXRlIjoxODAwMDAwMDAwMDAwfX0=",
          "dependencies": [
            "azurerm_resource_group.rg"
          ]
        }
      ]
    },
    {
      "mode": "managed",
      "type": "azurerm_public_ip",
      "name": "publicIp",
      "provider": "provider[\"registry.terraform.io/hashicorp/azurerm\"]",
      "instances": [
        {
          "schema_version": 0,
          "attributes": {
            "allocation_method": "Dynamic",
            "ddos_protection_mode": "VirtualNetworkInherited",
            "ddos_protection_plan_id": null,
            "domain_name_label": null,
            "edge_zone": "",
            "fqdn": null,
            "id": "/subscriptions/60b220bf-b527-4a50-b5d5-4ed6f1695101/resourceGroups/carsCredibility/providers/Microsoft.Network/publicIPAddresses/PublicIP",
            "idle_timeout_in_minutes": 4,
            "ip_address": "",
            "ip_tags": null,
            "ip_version": "IPv4",
            "location": "francecentral",
            "name": "PublicIP",
            "public_ip_prefix_id": null,
            "resource_group_name": "carsCredibility",
            "reverse_fqdn": null,
            "sku": "Basic",
            "sku_tier": "Regional",
            "tags": null,
            "timeouts": null,
            "zones": null
          },
          "sensitive_attributes": [],
          "private": "eyJlMmJmYjczMC1lY2FhLTExZTYtOGY4OC0zNDM2M2JjN2M0YzAiOnsiY3JlYXRlIjoxODAwMDAwMDAwMDAwLCJkZWxldGUiOjE4MDAwMDAwMDAwMDAsInJlYWQiOjMwMDAwMDAwMDAwMCwidXBkYXRlIjoxODAwMDAwMDAwMDAwfX0=",
          "dependencies": [
            "azurerm_resource_group.rg"
          ]
        }
      ]
    },
    {
      "mode": "managed",
      "type": "azurerm_resource_group",
      "name": "rg",
      "provider": "provider[\"registry.terraform.io/hashicorp/azurerm\"]",
      "instances": [
        {
          "schema_version": 0,
          "attributes": {
            "id": "/subscriptions/60b220bf-b527-4a50-b5d5-4ed6f1695101/resourceGroups/carsCredibility",
            "location": "francecentral",
            "name": "carsCredibility",
            "tags": null,
            "timeouts": null
          },
          "sensitive_attributes": [],
          "private": "eyJlMmJmYjczMC1lY2FhLTExZTYtOGY4OC0zNDM2M2JjN2M0YzAiOnsiY3JlYXRlIjo1NDAwMDAwMDAwMDAwLCJkZWxldGUiOjU0MDAwMDAwMDAwMDAsInJlYWQiOjMwMDAwMDAwMDAwMCwidXBkYXRlIjo1NDAwMDAwMDAwMDAwfX0="
        }
      ]
    },
    {
      "mode": "managed",
      "type": "azurerm_subnet",
      "name": "subnet",
      "provider": "provider[\"registry.terraform.io/hashicorp/azurerm\"]",
      "instances": [
        {
          "schema_version": 0,
          "attributes": {
            "address_prefixes": [
              "10.0.1.0/24"
            ],
            "delegation": [],
            "enforce_private_link_endpoint_network_policies": false,
            "enforce_private_link_service_network_policies": false,
            "id": "/subscriptions/60b220bf-b527-4a50-b5d5-4ed6f1695101/resourceGroups/carsCredibility/providers/Microsoft.Network/virtualNetworks/Network/subnets/Subnet",
            "name": "Subnet",
            "private_endpoint_network_policies_enabled": true,
            "private_link_service_network_policies_enabled": true,
            "resource_group_name": "carsCredibility",
            "service_endpoint_policy_ids": null,
            "service_endpoints": null,
            "timeouts": null,
            "virtual_network_name": "Network"
          },
          "sensitive_attributes": [],
          "private": "eyJlMmJmYjczMC1lY2FhLTExZTYtOGY4OC0zNDM2M2JjN2M0YzAiOnsiY3JlYXRlIjoxODAwMDAwMDAwMDAwLCJkZWxldGUiOjE4MDAwMDAwMDAwMDAsInJlYWQiOjMwMDAwMDAwMDAwMCwidXBkYXRlIjoxODAwMDAwMDAwMDAwfX0=",
          "dependencies": [
            "azurerm_resource_group.rg",
            "azurerm_virtual_network.network"
          ]
        }
      ]
    },
    {
      "mode": "managed",
      "type": "azurerm_virtual_network",
      "name": "network",
      "provider": "provider[\"registry.terraform.io/hashicorp/azurerm\"]",
      "instances": [
        {
          "schema_version": 0,
          "attributes": {
            "address_space": [
              "10.0.0.0/16"
            ],
            "bgp_community": "",
            "ddos_protection_plan": [],
            "dns_servers": [],
            "edge_zone": "",
            "flow_timeout_in_minutes": 0,
            "guid": "b0c9dd57-dd00-4afb-b25d-733e790049d9",
            "id": "/subscriptions/60b220bf-b527-4a50-b5d5-4ed6f1695101/resourceGroups/carsCredibility/providers/Microsoft.Network/virtualNetworks/Network",
            "location": "francecentral",
            "name": "Network",
            "resource_group_name": "carsCredibility",
            "subnet": [],
            "tags": null,
            "timeouts": null
          },
          "sensitive_attributes": [],
          "private": "eyJlMmJmYjczMC1lY2FhLTExZTYtOGY4OC0zNDM2M2JjN2M0YzAiOnsiY3JlYXRlIjoxODAwMDAwMDAwMDAwLCJkZWxldGUiOjE4MDAwMDAwMDAwMDAsInJlYWQiOjMwMDAwMDAwMDAwMCwidXBkYXRlIjoxODAwMDAwMDAwMDAwfX0=",
          "dependencies": [
            "azurerm_resource_group.rg"
          ]
        }
      ]
    }
  ],
  "check_results": null
}
